
Microsoft Visual Studio Solution File, Format Version 12.00
# Visual Studio 15
VisualStudioVersion = 15.0.27428.2015
MinimumVisualStudioVersion = 10.0.40219.1
Project("{2150E333-8FDC-42A3-9474-1A3956D46DE8}") = "Config", "Config", "{71CEB7ED-A0DA-4906-92FE-2282E002D04E}"
	ProjectSection(SolutionItems) = preProject
		nuget.config = nuget.config
	EndProjectSection
EndProject
Project("{2150E333-8FDC-42A3-9474-1A3956D46DE8}") = "SC9.0.u2", "SC9.0.u2", "{163945A9-B178-4383-8746-CB12D582D192}"
EndProject
Project("{FAE04EC0-301F-11D3-BF4B-00C04F79EFBC}") = "TurboConsole", "src\sc9.0\code\TurboConsole.csproj", "{B9136DFB-AA6B-49EC-B9B4-A19F391EA3C0}"
EndProject
Global
	GlobalSection(SolutionConfigurationPlatforms) = preSolution
		Debug|Any CPU = Debug|Any CPU
		Release|Any CPU = Release|Any CPU
	EndGlobalSection
	GlobalSection(ProjectConfigurationPlatforms) = postSolution
		{B9136DFB-AA6B-49EC-B9B4-A19F391EA3C0}.Debug|Any CPU.ActiveCfg = Debug|Any CPU
		{B9136DFB-AA6B-49EC-B9B4-A19F391EA3C0}.Debug|Any CPU.Build.0 = Debug|Any CPU
		{B9136DFB-AA6B-49EC-B9B4-A19F391EA3C0}.Release|Any CPU.ActiveCfg = Release|Any CPU
		{B9136DFB-AA6B-49EC-B9B4-A19F391EA3C0}.Release|Any CPU.Build.0 = Release|Any CPU
	EndGlobalSection
	GlobalSection(SolutionProperties) = preSolution
		HideSolutionNode = FALSE
	EndGlobalSection
	GlobalSection(NestedProjects) = preSolution
		{B9136DFB-AA6B-49EC-B9B4-A19F391EA3C0} = {163945A9-B178-4383-8746-CB12D582D192}
	EndGlobalSection
	GlobalSection(ExtensibilityGlobals) = postSolution
		SolutionGuid = {C79AFA0E-5B76-491E-A823-D7499FB689EB}
	EndGlobalSection
EndGlobal
